
Microsoft Visual Studio Solution File, Format Version 12.00
# Visual Studio Version 16
VisualStudioVersion = 16.0.31624.102
MinimumVisualStudioVersion = 10.0.40219.1
Project("{9A19103F-16F7-4668-BE54-9A1E7A4F7556}") = "MeuTodo", "MeuTodo.csproj", "{EE952C77-EBAC-4A38-99DE-0055B34C4A32}"
EndProject
Global
	GlobalSection(SolutionConfigurationPlatforms) = preSolution
		Debug|Any CPU = Debug|Any CPU
		Release|Any CPU = Release|Any CPU
	EndGlobalSection
	GlobalSection(ProjectConfigurationPlatforms) = postSolution
		{EE952C77-EBAC-4A38-99DE-0055B34C4A32}.Debug|Any CPU.ActiveCfg = Debug|Any CPU
		{EE952C77-EBAC-4A38-99DE-0055B34C4A32}.Debug|Any CPU.Build.0 = Debug|Any CPU
		{EE952C77-EBAC-4A38-99DE-0055B34C4A32}.Release|Any CPU.ActiveCfg = Release|Any CPU
		{EE952C77-EBAC-4A38-99DE-0055B34C4A32}.Release|Any CPU.Build.0 = Release|Any CPU
	EndGlobalSection
	GlobalSection(SolutionProperties) = preSolution
		HideSolutionNode = FALSE
	EndGlobalSection
	GlobalSection(ExtensibilityGlobals) = postSolution
		SolutionGuid = {C7AB98C8-6D2A-448B-B1BE-BAEDD578A562}
	EndGlobalSection
EndGlobal
